
Microsoft Visual Studio Solution File, Format Version 12.00
# Visual Studio Version 16
VisualStudioVersion = 16.0.29409.12
MinimumVisualStudioVersion = 10.0.40219.1
Project("{9A19103F-16F7-4668-BE54-9A1E7A4F7556}") = "NotesKeeper.WebApi", "NotesKeeper.WebApi\NotesKeeper.WebApi.csproj", "{F00D69CB-F2CF-407C-8DA2-DA8842E9F15B}"
EndProject
Project("{9A19103F-16F7-4668-BE54-9A1E7A4F7556}") = "NotesKeeper.WebApplication", "NotesKeeper.WebApplication\NotesKeeper.WebApplication.csproj", "{3F4E2308-C0BF-443B-976D-D1FEE97C9A80}"
EndProject
Project("{9A19103F-16F7-4668-BE54-9A1E7A4F7556}") = "NotesKeeper.Common", "NotesKeeper.Common\NotesKeeper.Common.csproj", "{AA53E284-A8FC-43F9-8670-BA669551E540}"
EndProject
Project("{9A19103F-16F7-4668-BE54-9A1E7A4F7556}") = "NotesKeeper.DataAccess", "NotesKeeper.DataAccess\NotesKeeper.DataAccess.csproj", "{C3E0C7D2-59DF-4342-8A09-0BD182EBA33B}"
EndProject
Project("{FAE04EC0-301F-11D3-BF4B-00C04F79EFBC}") = "NotesKeeper.BusinessLayer", "NotesKeeper.BusinessLayer\NotesKeeper.BusinessLayer.csproj", "{34669CF1-A553-40DB-B0EB-E09AB0FFDB0F}"
EndProject
Global
	GlobalSection(SolutionConfigurationPlatforms) = preSolution
		Debug|Any CPU = Debug|Any CPU
		Release|Any CPU = Release|Any CPU
	EndGlobalSection
	GlobalSection(ProjectConfigurationPlatforms) = postSolution
		{F00D69CB-F2CF-407C-8DA2-DA8842E9F15B}.Debug|Any CPU.ActiveCfg = Debug|Any CPU
		{F00D69CB-F2CF-407C-8DA2-DA8842E9F15B}.Debug|Any CPU.Build.0 = Debug|Any CPU
		{F00D69CB-F2CF-407C-8DA2-DA8842E9F15B}.Release|Any CPU.ActiveCfg = Release|Any CPU
		{F00D69CB-F2CF-407C-8DA2-DA8842E9F15B}.Release|Any CPU.Build.0 = Release|Any CPU
		{3F4E2308-C0BF-443B-976D-D1FEE97C9A80}.Debug|Any CPU.ActiveCfg = Debug|Any CPU
		{3F4E2308-C0BF-443B-976D-D1FEE97C9A80}.Debug|Any CPU.Build.0 = Debug|Any CPU
		{3F4E2308-C0BF-443B-976D-D1FEE97C9A80}.Release|Any CPU.ActiveCfg = Release|Any CPU
		{3F4E2308-C0BF-443B-976D-D1FEE97C9A80}.Release|Any CPU.Build.0 = Release|Any CPU
		{AA53E284-A8FC-43F9-8670-BA669551E540}.Debug|Any CPU.ActiveCfg = Debug|Any CPU
		{AA53E284-A8FC-43F9-8670-BA669551E540}.Debug|Any CPU.Build.0 = Debug|Any CPU
		{AA53E284-A8FC-43F9-8670-BA669551E540}.Release|Any CPU.ActiveCfg = Release|Any CPU
		{AA53E284-A8FC-43F9-8670-BA669551E540}.Release|Any CPU.Build.0 = Release|Any CPU
		{C3E0C7D2-59DF-4342-8A09-0BD182EBA33B}.Debug|Any CPU.ActiveCfg = Debug|Any CPU
		{C3E0C7D2-59DF-4342-8A09-0BD182EBA33B}.Debug|Any CPU.Build.0 = Debug|Any CPU
		{C3E0C7D2-59DF-4342-8A09-0BD182EBA33B}.Release|Any CPU.ActiveCfg = Release|Any CPU
		{C3E0C7D2-59DF-4342-8A09-0BD182EBA33B}.Release|Any CPU.Build.0 = Release|Any CPU
		{34669CF1-A553-40DB-B0EB-E09AB0FFDB0F}.Debug|Any CPU.ActiveCfg = Debug|Any CPU
		{34669CF1-A553-40DB-B0EB-E09AB0FFDB0F}.Debug|Any CPU.Build.0 = Debug|Any CPU
		{34669CF1-A553-40DB-B0EB-E09AB0FFDB0F}.Release|Any CPU.ActiveCfg = Release|Any CPU
		{34669CF1-A553-40DB-B0EB-E09AB0FFDB0F}.Release|Any CPU.Build.0 = Release|Any CPU
	EndGlobalSection
	GlobalSection(SolutionProperties) = preSolution
		HideSolutionNode = FALSE
	EndGlobalSection
	GlobalSection(ExtensibilityGlobals) = postSolution
		SolutionGuid = {BF768643-87BE-438D-AF64-51550B21EECC}
	EndGlobalSection
EndGlobal
