
Microsoft Visual Studio Solution File, Format Version 12.00
# Visual Studio 15
VisualStudioVersion = 15.0.28307.572
MinimumVisualStudioVersion = 10.0.40219.1
Project("{9A19103F-16F7-4668-BE54-9A1E7A4F7556}") = "NotesKeeper.DataAccess", "NotesKeeper.DataAccess\NotesKeeper.DataAccess.csproj", "{D511215A-808A-4F7D-A49F-5F343D718EB5}"
EndProject
Project("{9A19103F-16F7-4668-BE54-9A1E7A4F7556}") = "NotesKeeper.BusinessLayer", "NotesKeeper.BusinessLayer\NotesKeeper.BusinessLayer.csproj", "{6934BA85-17CC-40D8-9C42-55B75749E610}"
EndProject
Project("{9A19103F-16F7-4668-BE54-9A1E7A4F7556}") = "NotesKeeper.Common", "NotesKeeper.Common\NotesKeeper.Common.csproj", "{599590B0-6E08-432E-B5CF-52FDC1158C2D}"
EndProject
Project("{FAE04EC0-301F-11D3-BF4B-00C04F79EFBC}") = "NotesKeeper.Desktop", "NotesKeeper.Desktop\NotesKeeper.Desktop.csproj", "{F8B93DD4-44C7-4677-AB61-64F482D3CFD4}"
EndProject
Global
	GlobalSection(SolutionConfigurationPlatforms) = preSolution
		Debug|Any CPU = Debug|Any CPU
		Release|Any CPU = Release|Any CPU
	EndGlobalSection
	GlobalSection(ProjectConfigurationPlatforms) = postSolution
		{D511215A-808A-4F7D-A49F-5F343D718EB5}.Debug|Any CPU.ActiveCfg = Debug|Any CPU
		{D511215A-808A-4F7D-A49F-5F343D718EB5}.Debug|Any CPU.Build.0 = Debug|Any CPU
		{D511215A-808A-4F7D-A49F-5F343D718EB5}.Release|Any CPU.ActiveCfg = Release|Any CPU
		{D511215A-808A-4F7D-A49F-5F343D718EB5}.Release|Any CPU.Build.0 = Release|Any CPU
		{6934BA85-17CC-40D8-9C42-55B75749E610}.Debug|Any CPU.ActiveCfg = Debug|Any CPU
		{6934BA85-17CC-40D8-9C42-55B75749E610}.Debug|Any CPU.Build.0 = Debug|Any CPU
		{6934BA85-17CC-40D8-9C42-55B75749E610}.Release|Any CPU.ActiveCfg = Release|Any CPU
		{6934BA85-17CC-40D8-9C42-55B75749E610}.Release|Any CPU.Build.0 = Release|Any CPU
		{599590B0-6E08-432E-B5CF-52FDC1158C2D}.Debug|Any CPU.ActiveCfg = Debug|Any CPU
		{599590B0-6E08-432E-B5CF-52FDC1158C2D}.Debug|Any CPU.Build.0 = Debug|Any CPU
		{599590B0-6E08-432E-B5CF-52FDC1158C2D}.Release|Any CPU.ActiveCfg = Release|Any CPU
		{599590B0-6E08-432E-B5CF-52FDC1158C2D}.Release|Any CPU.Build.0 = Release|Any CPU
		{F8B93DD4-44C7-4677-AB61-64F482D3CFD4}.Debug|Any CPU.ActiveCfg = Debug|Any CPU
		{F8B93DD4-44C7-4677-AB61-64F482D3CFD4}.Debug|Any CPU.Build.0 = Debug|Any CPU
		{F8B93DD4-44C7-4677-AB61-64F482D3CFD4}.Release|Any CPU.ActiveCfg = Release|Any CPU
		{F8B93DD4-44C7-4677-AB61-64F482D3CFD4}.Release|Any CPU.Build.0 = Release|Any CPU
	EndGlobalSection
	GlobalSection(SolutionProperties) = preSolution
		HideSolutionNode = FALSE
	EndGlobalSection
	GlobalSection(ExtensibilityGlobals) = postSolution
		SolutionGuid = {BF768643-87BE-438D-AF64-51550B21EECC}
	EndGlobalSection
EndGlobal
